// !$*UTF8*$!
{
	archiveVersion = 1;
	classes = {
	};
	objectVersion = 46;
	objects = {

/* Begin PBXBuildFile section */
		1B1C22BC1E3D08A1002AE0EB /* AppDelegate.swift in Sources */ = {isa = PBXBuildFile; fileRef = 1B1C22BB1E3D08A1002AE0EB /* AppDelegate.swift */; };
		1B1C22BE1E3D08A1002AE0EB /* ViewController.swift in Sources */ = {isa = PBXBuildFile; fileRef = 1B1C22BD1E3D08A1002AE0EB /* ViewController.swift */; };
		1B1C22C11E3D08A1002AE0EB /* Main.storyboard in Resources */ = {isa = PBXBuildFile; fileRef = 1B1C22BF1E3D08A1002AE0EB /* Main.storyboard */; };
		1B1C22C31E3D08A1002AE0EB /* Assets.xcassets in Resources */ = {isa = PBXBuildFile; fileRef = 1B1C22C21E3D08A1002AE0EB /* Assets.xcassets */; };
		1B1C22C61E3D08A1002AE0EB /* LaunchScreen.storyboard in Resources */ = {isa = PBXBuildFile; fileRef = 1B1C22C41E3D08A1002AE0EB /* LaunchScreen.storyboard */; };
		1B1C22CF1E3D0E2B002AE0EB /* trump-splash.png in Resources */ = {isa = PBXBuildFile; fileRef = 1B1C22CE1E3D0E2B002AE0EB /* trump-splash.png */; };
		1B1C22D51E3D16EF002AE0EB /* trump_icon_180*180.png in Resources */ = {isa = PBXBuildFile; fileRef = 1B1C22D41E3D16EF002AE0EB /* trump_icon_180*180.png */; };
		1B1C22D71E3D171C002AE0EB /* trump_icon_120*120.png in Resources */ = {isa = PBXBuildFile; fileRef = 1B1C22D61E3D171C002AE0EB /* trump_icon_120*120.png */; };
		C9953FF44500BBF6B51A5E8E /* Pods_Trumpify.framework in Frameworks */ = {isa = PBXBuildFile; fileRef = E7FB896818FB475810003762 /* Pods_Trumpify.framework */; };
/* End PBXBuildFile section */

/* Begin PBXFileReference section */
		0AAC394CF9A6CC88FBB719F9 /* Pods-Trumpify.release.xcconfig */ = {isa = PBXFileReference; includeInIndex = 1; lastKnownFileType = text.xcconfig; name = "Pods-Trumpify.release.xcconfig"; path = "Pods/Target Support Files/Pods-Trumpify/Pods-Trumpify.release.xcconfig"; sourceTree = "<group>"; };
		1B1C22B81E3D08A1002AE0EB /* Trumpify.app */ = {isa = PBXFileReference; explicitFileType = wrapper.application; includeInIndex = 0; path = Trumpify.app; sourceTree = BUILT_PRODUCTS_DIR; };
		1B1C22BB1E3D08A1002AE0EB /* AppDelegate.swift */ = {isa = PBXFileReference; lastKnownFileType = sourcecode.swift; path = AppDelegate.swift; sourceTree = "<group>"; };
		1B1C22BD1E3D08A1002AE0EB /* ViewController.swift */ = {isa = PBXFileReference; lastKnownFileType = sourcecode.swift; path = ViewController.swift; sourceTree = "<group>"; };
		1B1C22C01E3D08A1002AE0EB /* Base */ = {isa = PBXFileReference; lastKnownFileType = file.storyboard; name = Base; path = Base.lproj/Main.storyboard; sourceTree = "<group>"; };
		1B1C22C21E3D08A1002AE0EB /* Assets.xcassets */ = {isa = PBXFileReference; lastKnownFileType = folder.assetcatalog; path = Assets.xcassets; sourceTree = "<group>"; };
		1B1C22C51E3D08A1002AE0EB /* Base */ = {isa = PBXFileReference; lastKnownFileType = file.storyboard; name = Base; path = Base.lproj/LaunchScreen.storyboard; sourceTree = "<group>"; };
		1B1C22C71E3D08A1002AE0EB /* Info.plist */ = {isa = PBXFileReference; lastKnownFileType = text.plist.xml; path = Info.plist; sourceTree = "<group>"; };
		1B1C22CE1E3D0E2B002AE0EB /* trump-splash.png */ = {isa = PBXFileReference; lastKnownFileType = image.png; path = "trump-splash.png"; sourceTree = "<group>"; };
		1B1C22D41E3D16EF002AE0EB /* trump_icon_180*180.png */ = {isa = PBXFileReference; lastKnownFileType = image.png; path = "trump_icon_180*180.png"; sourceTree = "<group>"; };
		1B1C22D61E3D171C002AE0EB /* trump_icon_120*120.png */ = {isa = PBXFileReference; lastKnownFileType = image.png; path = "trump_icon_120*120.png"; sourceTree = "<group>"; };
		71D55901D117A9735C30C3E5 /* Pods-Trumpify.debug.xcconfig */ = {isa = PBXFileReference; includeInIndex = 1; lastKnownFileType = text.xcconfig; name = "Pods-Trumpify.debug.xcconfig"; path = "Pods/Target Support Files/Pods-Trumpify/Pods-Trumpify.debug.xcconfig"; sourceTree = "<group>"; };
		E7FB896818FB475810003762 /* Pods_Trumpify.framework */ = {isa = PBXFileReference; explicitFileType = wrapper.framework; includeInIndex = 0; path = Pods_Trumpify.framework; sourceTree = BUILT_PRODUCTS_DIR; };
/* End PBXFileReference section */

/* Begin PBXFrameworksBuildPhase section */
		1B1C22B51E3D08A1002AE0EB /* Frameworks */ = {
			isa = PBXFrameworksBuildPhase;
			buildActionMask = 2147483647;
			files = (
				C9953FF44500BBF6B51A5E8E /* Pods_Trumpify.framework in Frameworks */,
			);
			runOnlyForDeploymentPostprocessing = 0;
		};
/* End PBXFrameworksBuildPhase section */

/* Begin PBXGroup section */
		1B1C22AF1E3D08A1002AE0EB = {
			isa = PBXGroup;
			children = (
				1B1C22BA1E3D08A1002AE0EB /* Trumpify */,
				1B1C22B91E3D08A1002AE0EB /* Products */,
				7FC7D4BC217726E5A9256E0E /* Pods */,
				356FE345C13E2CF8C50DD9F7 /* Frameworks */,
			);
			sourceTree = "<group>";
		};
		1B1C22B91E3D08A1002AE0EB /* Products */ = {
			isa = PBXGroup;
			children = (
				1B1C22B81E3D08A1002AE0EB /* Trumpify.app */,
			);
			name = Products;
			sourceTree = "<group>";
		};
		1B1C22BA1E3D08A1002AE0EB /* Trumpify */ = {
			isa = PBXGroup;
			children = (
				1B1C22CD1E3D0DF9002AE0EB /* Assets */,
				1B1C22BB1E3D08A1002AE0EB /* AppDelegate.swift */,
				1B1C22BD1E3D08A1002AE0EB /* ViewController.swift */,
				1B1C22BF1E3D08A1002AE0EB /* Main.storyboard */,
				1B1C22C21E3D08A1002AE0EB /* Assets.xcassets */,
				1B1C22C41E3D08A1002AE0EB /* LaunchScreen.storyboard */,
				1B1C22C71E3D08A1002AE0EB /* Info.plist */,
			);
			path = Trumpify;
			sourceTree = "<group>";
		};
		1B1C22CD1E3D0DF9002AE0EB /* Assets */ = {
			isa = PBXGroup;
			children = (
				1B1C22D41E3D16EF002AE0EB /* trump_icon_180*180.png */,
				1B1C22D61E3D171C002AE0EB /* trump_icon_120*120.png */,
				1B1C22CE1E3D0E2B002AE0EB /* trump-splash.png */,
			);
			name = Assets;
			sourceTree = "<group>";
		};
		356FE345C13E2CF8C50DD9F7 /* Frameworks */ = {
			isa = PBXGroup;
			children = (
				E7FB896818FB475810003762 /* Pods_Trumpify.framework */,
			);
			name = Frameworks;
			sourceTree = "<group>";
		};
		7FC7D4BC217726E5A9256E0E /* Pods */ = {
			isa = PBXGroup;
			children = (
				71D55901D117A9735C30C3E5 /* Pods-Trumpify.debug.xcconfig */,
				0AAC394CF9A6CC88FBB719F9 /* Pods-Trumpify.release.xcconfig */,
			);
			name = Pods;
			sourceTree = "<group>";
		};
/* End PBXGroup section */

/* Begin PBXNativeTarget section */
		1B1C22B71E3D08A1002AE0EB /* Trumpify */ = {
			isa = PBXNativeTarget;
			buildConfigurationList = 1B1C22CA1E3D08A2002AE0EB /* Build configuration list for PBXNativeTarget "Trumpify" */;
			buildPhases = (
				2861BB1BB37775225B1BDF14 /* [CP] Check Pods Manifest.lock */,
				1B1C22B41E3D08A1002AE0EB /* Sources */,
				1B1C22B51E3D08A1002AE0EB /* Frameworks */,
				1B1C22B61E3D08A1002AE0EB /* Resources */,
				35DEE06F7CF021EE2DA66765 /* [CP] Embed Pods Frameworks */,
				58711BE50B2B3AB5DADB457F /* [CP] Copy Pods Resources */,
			);
			buildRules = (
			);
			dependencies = (
			);
			name = Trumpify;
			productName = Trumpify;
			productReference = 1B1C22B81E3D08A1002AE0EB /* Trumpify.app */;
			productType = "com.apple.product-type.application";
		};
/* End PBXNativeTarget section */

/* Begin PBXProject section */
		1B1C22B01E3D08A1002AE0EB /* Project object */ = {
			isa = PBXProject;
			attributes = {
				LastSwiftUpdateCheck = 0820;
				LastUpgradeCheck = 0820;
				ORGANIZATIONNAME = fvergara;
				TargetAttributes = {
					1B1C22B71E3D08A1002AE0EB = {
						CreatedOnToolsVersion = 8.2.1;
						DevelopmentTeam = DZ2LJDS532;
						ProvisioningStyle = Automatic;
					};
				};
			};
			buildConfigurationList = 1B1C22B31E3D08A1002AE0EB /* Build configuration list for PBXProject "Trumpify" */;
			compatibilityVersion = "Xcode 3.2";
			developmentRegion = English;
			hasScannedForEncodings = 0;
			knownRegions = (
				en,
				Base,
			);
			mainGroup = 1B1C22AF1E3D08A1002AE0EB;
			productRefGroup = 1B1C22B91E3D08A1002AE0EB /* Products */;
			projectDirPath = "";
			projectRoot = "";
			targets = (
				1B1C22B71E3D08A1002AE0EB /* Trumpify */,
			);
		};
/* End PBXProject section */

/* Begin PBXResourcesBuildPhase section */
		1B1C22B61E3D08A1002AE0EB /* Resources */ = {
			isa = PBXResourcesBuildPhase;
			buildActionMask = 2147483647;
			files = (
				1B1C22D71E3D171C002AE0EB /* trump_icon_120*120.png in Resources */,
				1B1C22C61E3D08A1002AE0EB /* LaunchScreen.storyboard in Resources */,
				1B1C22C31E3D08A1002AE0EB /* Assets.xcassets in Resources */,
				1B1C22D51E3D16EF002AE0EB /* trump_icon_180*180.png in Resources */,
				1B1C22C11E3D08A1002AE0EB /* Main.storyboard in Resources */,
				1B1C22CF1E3D0E2B002AE0EB /* trump-splash.png in Resources */,
			);
			runOnlyForDeploymentPostprocessing = 0;
		};
/* End PBXResourcesBuildPhase section */

/* Begin PBXShellScriptBuildPhase section */
		2861BB1BB37775225B1BDF14 /* [CP] Check Pods Manifest.lock */ = {
			isa = PBXShellScriptBuildPhase;
			buildActionMask = 2147483647;
			files = (
			);
			inputPaths = (
			);
			name = "[CP] Check Pods Manifest.lock";
			outputPaths = (
			);
			runOnlyForDeploymentPostprocessing = 0;
			shellPath = /bin/sh;
			shellScript = "diff \"${PODS_ROOT}/../Podfile.lock\" \"${PODS_ROOT}/Manifest.lock\" > /dev/null\nif [ $? != 0 ] ; then\n    # print error to STDERR\n    echo \"error: The sandbox is not in sync with the Podfile.lock. Run 'pod install' or update your CocoaPods installation.\" >&2\n    exit 1\nfi\n";
			showEnvVarsInLog = 0;
		};
		35DEE06F7CF021EE2DA66765 /* [CP] Embed Pods Frameworks */ = {
			isa = PBXShellScriptBuildPhase;
			buildActionMask = 2147483647;
			files = (
			);
			inputPaths = (
			);
			name = "[CP] Embed Pods Frameworks";
			outputPaths = (
			);
			runOnlyForDeploymentPostprocessing = 0;
			shellPath = /bin/sh;
			shellScript = "\"${SRCROOT}/Pods/Target Support Files/Pods-Trumpify/Pods-Trumpify-frameworks.sh\"\n";
			showEnvVarsInLog = 0;
		};
		58711BE50B2B3AB5DADB457F /* [CP] Copy Pods Resources */ = {
			isa = PBXShellScriptBuildPhase;
			buildActionMask = 2147483647;
			files = (
			);
			inputPaths = (
			);
			name = "[CP] Copy Pods Resources";
			outputPaths = (
			);
			runOnlyForDeploymentPostprocessing = 0;
			shellPath = /bin/sh;
			shellScript = "\"${SRCROOT}/Pods/Target Support Files/Pods-Trumpify/Pods-Trumpify-resources.sh\"\n";
			showEnvVarsInLog = 0;
		};
/* End PBXShellScriptBuildPhase section */

/* Begin PBXSourcesBuildPhase section */
		1B1C22B41E3D08A1002AE0EB /* Sources */ = {
			isa = PBXSourcesBuildPhase;
			buildActionMask = 2147483647;
			files = (
				1B1C22BE1E3D08A1002AE0EB /* ViewController.swift in Sources */,
				1B1C22BC1E3D08A1002AE0EB /* AppDelegate.swift in Sources */,
			);
			runOnlyForDeploymentPostprocessing = 0;
		};
/* End PBXSourcesBuildPhase section */

/* Begin PBXVariantGroup section */
		1B1C22BF1E3D08A1002AE0EB /* Main.storyboard */ = {
			isa = PBXVariantGroup;
			children = (
				1B1C22C01E3D08A1002AE0EB /* Base */,
			);
			name = Main.storyboard;
			sourceTree = "<group>";
		};
		1B1C22C41E3D08A1002AE0EB /* LaunchScreen.storyboard */ = {
			isa = PBXVariantGroup;
			children = (
				1B1C22C51E3D08A1002AE0EB /* Base */,
			);
			name = LaunchScreen.storyboard;
			sourceTree = "<group>";
		};
/* End PBXVariantGroup section */

/* Begin XCBuildConfiguration section */
		1B1C22C81E3D08A1002AE0EB /* Debug */ = {
			isa = XCBuildConfiguration;
			buildSettings = {
				ALWAYS_SEARCH_USER_PATHS = NO;
				CLANG_ANALYZER_NONNULL = YES;
				CLANG_CXX_LANGUAGE_STANDARD = "gnu++0x";
				CLANG_CXX_LIBRARY = "libc++";
				CLANG_ENABLE_MODULES = YES;
				CLANG_ENABLE_OBJC_ARC = YES;
				CLANG_WARN_BOOL_CONVERSION = YES;
				CLANG_WARN_CONSTANT_CONVERSION = YES;
				CLANG_WARN_DIRECT_OBJC_ISA_USAGE = YES_ERROR;
				CLANG_WARN_DOCUMENTATION_COMMENTS = YES;
				CLANG_WARN_EMPTY_BODY = YES;
				CLANG_WARN_ENUM_CONVERSION = YES;
				CLANG_WARN_INFINITE_RECURSION = YES;
				CLANG_WARN_INT_CONVERSION = YES;
				CLANG_WARN_OBJC_ROOT_CLASS = YES_ERROR;
				CLANG_WARN_SUSPICIOUS_MOVE = YES;
				CLANG_WARN_UNREACHABLE_CODE = YES;
				CLANG_WARN__DUPLICATE_METHOD_MATCH = YES;
				"CODE_SIGN_IDENTITY[sdk=iphoneos*]" = "iPhone Developer";
				COPY_PHASE_STRIP = NO;
				DEBUG_INFORMATION_FORMAT = dwarf;
				ENABLE_STRICT_OBJC_MSGSEND = YES;
				ENABLE_TESTABILITY = YES;
				GCC_C_LANGUAGE_STANDARD = gnu99;
				GCC_DYNAMIC_NO_PIC = NO;
				GCC_NO_COMMON_BLOCKS = YES;
				GCC_OPTIMIZATION_LEVEL = 0;
				GCC_PREPROCESSOR_DEFINITIONS = (
					"DEBUG=1",
					"$(inherited)",
				);
				GCC_WARN_64_TO_32_BIT_CONVERSION = YES;
				GCC_WARN_ABOUT_RETURN_TYPE = YES_ERROR;
				GCC_WARN_UNDECLARED_SELECTOR = YES;
				GCC_WARN_UNINITIALIZED_AUTOS = YES_AGGRESSIVE;
				GCC_WARN_UNUSED_FUNCTION = YES;
				GCC_WARN_UNUSED_VARIABLE = YES;
				IPHONEOS_DEPLOYMENT_TARGET = 10.2;
				MTL_ENABLE_DEBUG_INFO = YES;
				ONLY_ACTIVE_ARCH = YES;
				SDKROOT = iphoneos;
				SWIFT_ACTIVE_COMPILATION_CONDITIONS = DEBUG;
				SWIFT_OPTIMIZATION_LEVEL = "-Onone";
			};
			name = Debug;
		};
		1B1C22C91E3D08A1002AE0EB /* Release */ = {
			isa = XCBuildConfiguration;
			buildSettings = {
				ALWAYS_SEARCH_USER_PATHS = NO;
				CLANG_ANALYZER_NONNULL = YES;
				CLANG_CXX_LANGUAGE_STANDARD = "gnu++0x";
				CLANG_CXX_LIBRARY = "libc++";
				CLANG_ENABLE_MODULES = YES;
				CLANG_ENABLE_OBJC_ARC = YES;
				CLANG_WARN_BOOL_CONVERSION = YES;
				CLANG_WARN_CONSTANT_CONVERSION = YES;
				CLANG_WARN_DIRECT_OBJC_ISA_USAGE = YES_ERROR;
				CLANG_WARN_DOCUMENTATION_COMMENTS = YES;
				CLANG_WARN_EMPTY_BODY = YES;
				CLANG_WARN_ENUM_CONVERSION = YES;
				CLANG_WARN_INFINITE_RECURSION = YES;
				CLANG_WARN_INT_CONVERSION = YES;
				CLANG_WARN_OBJC_ROOT_CLASS = YES_ERROR;
				CLANG_WARN_SUSPICIOUS_MOVE = YES;
				CLANG_WARN_UNREACHABLE_CODE = YES;
				CLANG_WARN__DUPLICATE_METHOD_MATCH = YES;
				"CODE_SIGN_IDENTITY[sdk=iphoneos*]" = "iPhone Developer";
				COPY_PHASE_STRIP = NO;
				DEBUG_INFORMATION_FORMAT = "dwarf-with-dsym";
				ENABLE_NS_ASSERTIONS = NO;
				ENABLE_STRICT_OBJC_MSGSEND = YES;
				GCC_C_LANGUAGE_STANDARD = gnu99;
				GCC_NO_COMMON_BLOCKS = YES;
				GCC_WARN_64_TO_32_BIT_CONVERSION = YES;
				GCC_WARN_ABOUT_RETURN_TYPE = YES_ERROR;
				GCC_WARN_UNDECLARED_SELECTOR = YES;
				GCC_WARN_UNINITIALIZED_AUTOS = YES_AGGRESSIVE;
				GCC_WARN_UNUSED_FUNCTION = YES;
				GCC_WARN_UNUSED_VARIABLE = YES;
				IPHONEOS_DEPLOYMENT_TARGET = 10.2;
				MTL_ENABLE_DEBUG_INFO = NO;
				SDKROOT = iphoneos;
				SWIFT_OPTIMIZATION_LEVEL = "-Owholemodule";
				VALIDATE_PRODUCT = YES;
			};
			name = Release;
		};
		1B1C22CB1E3D08A2002AE0EB /* Debug */ = {
			isa = XCBuildConfiguration;
			baseConfigurationReference = 71D55901D117A9735C30C3E5 /* Pods-Trumpify.debug.xcconfig */;
			buildSettings = {
				ASSETCATALOG_COMPILER_APPICON_NAME = AppIcon;
				DEVELOPMENT_TEAM = DZ2LJDS532;
				INFOPLIST_FILE = Trumpify/Info.plist;
				LD_RUNPATH_SEARCH_PATHS = "$(inherited) @executable_path/Frameworks";
				PRODUCT_BUNDLE_IDENTIFIER = com.mcgillhackathon.Trumpify;
				PRODUCT_NAME = "$(TARGET_NAME)";
				SWIFT_VERSION = 3.0;
			};
			name = Debug;
		};
		1B1C22CC1E3D08A2002AE0EB /* Release */ = {
			isa = XCBuildConfiguration;
			baseConfigurationReference = 0AAC394CF9A6CC88FBB719F9 /* Pods-Trumpify.release.xcconfig */;
			buildSettings = {
				ASSETCATALOG_COMPILER_APPICON_NAME = AppIcon;
				DEVELOPMENT_TEAM = DZ2LJDS532;
				INFOPLIST_FILE = Trumpify/Info.plist;
				LD_RUNPATH_SEARCH_PATHS = "$(inherited) @executable_path/Frameworks";
				PRODUCT_BUNDLE_IDENTIFIER = com.mcgillhackathon.Trumpify;
				PRODUCT_NAME = "$(TARGET_NAME)";
				SWIFT_VERSION = 3.0;
			};
			name = Release;
		};
/* End XCBuildConfiguration section */

/* Begin XCConfigurationList section */
		1B1C22B31E3D08A1002AE0EB /* Build configuration list for PBXProject "Trumpify" */ = {
			isa = XCConfigurationList;
			buildConfigurations = (
				1B1C22C81E3D08A1002AE0EB /* Debug */,
				1B1C22C91E3D08A1002AE0EB /* Release */,
			);
			defaultConfigurationIsVisible = 0;
			defaultConfigurationName = Release;
		};
		1B1C22CA1E3D08A2002AE0EB /* Build configuration list for PBXNativeTarget "Trumpify" */ = {
			isa = XCConfigurationList;
			buildConfigurations = (
				1B1C22CB1E3D08A2002AE0EB /* Debug */,
				1B1C22CC1E3D08A2002AE0EB /* Release */,
			);
			defaultConfigurationIsVisible = 0;
		};
/* End XCConfigurationList section */
	};
	rootObject = 1B1C22B01E3D08A1002AE0EB /* Project object */;
}
